
Microsoft Visual Studio Solution File, Format Version 12.00
# Visual Studio Version 17
VisualStudioVersion = 17.4.33403.182
MinimumVisualStudioVersion = 10.0.40219.1
Project("{FAE04EC0-301F-11D3-BF4B-00C04F79EFBC}") = "Army", "Army.csproj", "{3354F8B7-8DD8-4819-92C3-C224E69EB34E}"
EndProject
Project("{FAE04EC0-301F-11D3-BF4B-00C04F79EFBC}") = "ArmyLibrary.UnitTests", "..\ArmyLibrary.UnitTests\ArmyLibrary.UnitTests.csproj", "{4A35EFC1-0B90-4B61-85CB-3EF2FFC50AA0}"
EndProject
Global
	GlobalSection(SolutionConfigurationPlatforms) = preSolution
		Debug|Any CPU = Debug|Any CPU
		Release|Any CPU = Release|Any CPU
	EndGlobalSection
	GlobalSection(ProjectConfigurationPlatforms) = postSolution
		{3354F8B7-8DD8-4819-92C3-C224E69EB34E}.Debug|Any CPU.ActiveCfg = Debug|Any CPU
		{3354F8B7-8DD8-4819-92C3-C224E69EB34E}.Debug|Any CPU.Build.0 = Debug|Any CPU
		{3354F8B7-8DD8-4819-92C3-C224E69EB34E}.Release|Any CPU.ActiveCfg = Release|Any CPU
		{3354F8B7-8DD8-4819-92C3-C224E69EB34E}.Release|Any CPU.Build.0 = Release|Any CPU
		{4A35EFC1-0B90-4B61-85CB-3EF2FFC50AA0}.Debug|Any CPU.ActiveCfg = Debug|Any CPU
		{4A35EFC1-0B90-4B61-85CB-3EF2FFC50AA0}.Debug|Any CPU.Build.0 = Debug|Any CPU
		{4A35EFC1-0B90-4B61-85CB-3EF2FFC50AA0}.Release|Any CPU.ActiveCfg = Release|Any CPU
		{4A35EFC1-0B90-4B61-85CB-3EF2FFC50AA0}.Release|Any CPU.Build.0 = Release|Any CPU
	EndGlobalSection
	GlobalSection(SolutionProperties) = preSolution
		HideSolutionNode = FALSE
	EndGlobalSection
	GlobalSection(ExtensibilityGlobals) = postSolution
		SolutionGuid = {811C0CFF-D7FE-4C03-83B9-132C613C4CAC}
	EndGlobalSection
EndGlobal
